
Microsoft Visual Studio Solution File, Format Version 12.00
# Visual Studio Version 17
VisualStudioVersion = 17.14.36518.9
MinimumVisualStudioVersion = 10.0.40219.1
Project("{2150E333-8FDC-42A3-9474-1A3956D46DE8}") = "Core", "Core", "{02EA681E-C7D8-13C7-8484-4AC65E1B71E8}"
EndProject
Project("{FAE04EC0-301F-11D3-BF4B-00C04F79EFBC}") = "CarbookDomian", "CarbookDomian\CarbookDomian.csproj", "{18404F5A-3C4F-4930-B902-0DFEE673A1C9}"
EndProject
Project("{2150E333-8FDC-42A3-9474-1A3956D46DE8}") = "Infrastucture", "Infrastucture", "{82305932-E929-48A5-A11A-0FC48D05C9BA}"
EndProject
Project("{FAE04EC0-301F-11D3-BF4B-00C04F79EFBC}") = "CarBookPersistence", "Infrastructure\CarBookPersistence\CarBookPersistence.csproj", "{7FA484CE-0B3C-44E4-A218-7DCA6F0A67DA}"
EndProject
Project("{2150E333-8FDC-42A3-9474-1A3956D46DE8}") = "Presentation", "Presentation", "{B9DB805C-A162-4959-B6D2-C62B4725F331}"
EndProject
Project("{FAE04EC0-301F-11D3-BF4B-00C04F79EFBC}") = "CarBook.WebApi", "Presentation\CarBook.WebApi\CarBook.WebApi.csproj", "{931AB451-0FC2-4B96-B1F3-2790211DB694}"
EndProject
Project("{2150E333-8FDC-42A3-9474-1A3956D46DE8}") = "Solution Items", "Solution Items", "{8EC462FD-D22E-90A8-E5CE-7E832BA40C5D}"
	ProjectSection(SolutionItems) = preProject
		TextFile1.txt = TextFile1.txt
	EndProjectSection
EndProject
Global
	GlobalSection(SolutionConfigurationPlatforms) = preSolution
		Debug|Any CPU = Debug|Any CPU
		Release|Any CPU = Release|Any CPU
	EndGlobalSection
	GlobalSection(ProjectConfigurationPlatforms) = postSolution
		{18404F5A-3C4F-4930-B902-0DFEE673A1C9}.Debug|Any CPU.ActiveCfg = Debug|Any CPU
		{18404F5A-3C4F-4930-B902-0DFEE673A1C9}.Debug|Any CPU.Build.0 = Debug|Any CPU
		{18404F5A-3C4F-4930-B902-0DFEE673A1C9}.Release|Any CPU.ActiveCfg = Release|Any CPU
		{18404F5A-3C4F-4930-B902-0DFEE673A1C9}.Release|Any CPU.Build.0 = Release|Any CPU
		{7FA484CE-0B3C-44E4-A218-7DCA6F0A67DA}.Debug|Any CPU.ActiveCfg = Debug|Any CPU
		{7FA484CE-0B3C-44E4-A218-7DCA6F0A67DA}.Debug|Any CPU.Build.0 = Debug|Any CPU
		{7FA484CE-0B3C-44E4-A218-7DCA6F0A67DA}.Release|Any CPU.ActiveCfg = Release|Any CPU
		{7FA484CE-0B3C-44E4-A218-7DCA6F0A67DA}.Release|Any CPU.Build.0 = Release|Any CPU
		{931AB451-0FC2-4B96-B1F3-2790211DB694}.Debug|Any CPU.ActiveCfg = Debug|Any CPU
		{931AB451-0FC2-4B96-B1F3-2790211DB694}.Debug|Any CPU.Build.0 = Debug|Any CPU
		{931AB451-0FC2-4B96-B1F3-2790211DB694}.Release|Any CPU.ActiveCfg = Release|Any CPU
		{931AB451-0FC2-4B96-B1F3-2790211DB694}.Release|Any CPU.Build.0 = Release|Any CPU
	EndGlobalSection
	GlobalSection(SolutionProperties) = preSolution
		HideSolutionNode = FALSE
	EndGlobalSection
	GlobalSection(NestedProjects) = preSolution
		{18404F5A-3C4F-4930-B902-0DFEE673A1C9} = {02EA681E-C7D8-13C7-8484-4AC65E1B71E8}
		{7FA484CE-0B3C-44E4-A218-7DCA6F0A67DA} = {82305932-E929-48A5-A11A-0FC48D05C9BA}
		{931AB451-0FC2-4B96-B1F3-2790211DB694} = {B9DB805C-A162-4959-B6D2-C62B4725F331}
	EndGlobalSection
	GlobalSection(ExtensibilityGlobals) = postSolution
		SolutionGuid = {CFC628A6-1CC2-4235-9755-04283B876AE1}
	EndGlobalSection
EndGlobal
